// !$*UTF8*$!
{
	archiveVersion = 1;
	classes = {
	};
	objectVersion = 46;
	objects = {

/* Begin PBXBuildFile section */
		A9B54E7C1BE0A08B00600761 /* main.m in Sources */ = {isa = PBXBuildFile; fileRef = A9B54E7B1BE0A08B00600761 /* main.m */; };
		A9B54E7F1BE0A08B00600761 /* AppDelegate.m in Sources */ = {isa = PBXBuildFile; fileRef = A9B54E7E1BE0A08B00600761 /* AppDelegate.m */; };
		A9B54E821BE0A08B00600761 /* ViewController.m in Sources */ = {isa = PBXBuildFile; fileRef = A9B54E811BE0A08B00600761 /* ViewController.m */; };
		A9B54E851BE0A08B00600761 /* Main.storyboard in Resources */ = {isa = PBXBuildFile; fileRef = A9B54E831BE0A08B00600761 /* Main.storyboard */; };
		A9B54E871BE0A08B00600761 /* Assets.xcassets in Resources */ = {isa = PBXBuildFile; fileRef = A9B54E861BE0A08B00600761 /* Assets.xcassets */; };
		A9B54E8A1BE0A08B00600761 /* LaunchScreen.storyboard in Resources */ = {isa = PBXBuildFile; fileRef = A9B54E881BE0A08B00600761 /* LaunchScreen.storyboard */; };
		A9B54E951BE0A08B00600761 /* ChimeraTests.m in Sources */ = {isa = PBXBuildFile; fileRef = A9B54E941BE0A08B00600761 /* ChimeraTests.m */; };
		A9B54EA01BE0A08C00600761 /* ChimeraUITests.m in Sources */ = {isa = PBXBuildFile; fileRef = A9B54E9F1BE0A08C00600761 /* ChimeraUITests.m */; };
		EBC759C61BE0A8EE002D5684 /* CCWebView.m in Sources */ = {isa = PBXBuildFile; fileRef = EBC759C51BE0A8EE002D5684 /* CCWebView.m */; };
		EBC759CC1BE0B3CE002D5684 /* UIWebView+CCUIWebView.m in Sources */ = {isa = PBXBuildFile; fileRef = EBC759CB1BE0B3CE002D5684 /* UIWebView+CCUIWebView.m */; };
		EBC759CF1BE0BB44002D5684 /* WKWebView+CCWKWebView.m in Sources */ = {isa = PBXBuildFile; fileRef = EBC759CE1BE0BB44002D5684 /* WKWebView+CCWKWebView.m */; };
/* End PBXBuildFile section */

/* Begin PBXContainerItemProxy section */
		A9B54E911BE0A08B00600761 /* PBXContainerItemProxy */ = {
			isa = PBXContainerItemProxy;
			containerPortal = A9B54E6F1BE0A08B00600761 /* Project object */;
			proxyType = 1;
			remoteGlobalIDString = A9B54E761BE0A08B00600761;
			remoteInfo = Chimera;
		};
		A9B54E9C1BE0A08C00600761 /* PBXContainerItemProxy */ = {
			isa = PBXContainerItemProxy;
			containerPortal = A9B54E6F1BE0A08B00600761 /* Project object */;
			proxyType = 1;
			remoteGlobalIDString = A9B54E761BE0A08B00600761;
			remoteInfo = Chimera;
		};
/* End PBXContainerItemProxy section */

/* Begin PBXFileReference section */
		A9B54E771BE0A08B00600761 /* Chimera.app */ = {isa = PBXFileReference; explicitFileType = wrapper.application; includeInIndex = 0; path = Chimera.app; sourceTree = BUILT_PRODUCTS_DIR; };
		A9B54E7B1BE0A08B00600761 /* main.m */ = {isa = PBXFileReference; lastKnownFileType = sourcecode.c.objc; path = main.m; sourceTree = "<group>"; };
		A9B54E7D1BE0A08B00600761 /* AppDelegate.h */ = {isa = PBXFileReference; lastKnownFileType = sourcecode.c.h; path = AppDelegate.h; sourceTree = "<group>"; };
		A9B54E7E1BE0A08B00600761 /* AppDelegate.m */ = {isa = PBXFileReference; lastKnownFileType = sourcecode.c.objc; path = AppDelegate.m; sourceTree = "<group>"; };
		A9B54E801BE0A08B00600761 /* ViewController.h */ = {isa = PBXFileReference; lastKnownFileType = sourcecode.c.h; path = ViewController.h; sourceTree = "<group>"; };
		A9B54E811BE0A08B00600761 /* ViewController.m */ = {isa = PBXFileReference; lastKnownFileType = sourcecode.c.objc; path = ViewController.m; sourceTree = "<group>"; };
		A9B54E841BE0A08B00600761 /* Base */ = {isa = PBXFileReference; lastKnownFileType = file.storyboard; name = Base; path = Base.lproj/Main.storyboard; sourceTree = "<group>"; };
		A9B54E861BE0A08B00600761 /* Assets.xcassets */ = {isa = PBXFileReference; lastKnownFileType = folder.assetcatalog; path = Assets.xcassets; sourceTree = "<group>"; };
		A9B54E891BE0A08B00600761 /* Base */ = {isa = PBXFileReference; lastKnownFileType = file.storyboard; name = Base; path = Base.lproj/LaunchScreen.storyboard; sourceTree = "<group>"; };
		A9B54E8B1BE0A08B00600761 /* Info.plist */ = {isa = PBXFileReference; lastKnownFileType = text.plist.xml; path = Info.plist; sourceTree = "<group>"; };
		A9B54E901BE0A08B00600761 /* ChimeraTests.xctest */ = {isa = PBXFileReference; explicitFileType = wrapper.cfbundle; includeInIndex = 0; path = ChimeraTests.xctest; sourceTree = BUILT_PRODUCTS_DIR; };
		A9B54E941BE0A08B00600761 /* ChimeraTests.m */ = {isa = PBXFileReference; lastKnownFileType = sourcecode.c.objc; path = ChimeraTests.m; sourceTree = "<group>"; };
		A9B54E961BE0A08B00600761 /* Info.plist */ = {isa = PBXFileReference; lastKnownFileType = text.plist.xml; path = Info.plist; sourceTree = "<group>"; };
		A9B54E9B1BE0A08B00600761 /* ChimeraUITests.xctest */ = {isa = PBXFileReference; explicitFileType = wrapper.cfbundle; includeInIndex = 0; path = ChimeraUITests.xctest; sourceTree = BUILT_PRODUCTS_DIR; };
		A9B54E9F1BE0A08C00600761 /* ChimeraUITests.m */ = {isa = PBXFileReference; lastKnownFileType = sourcecode.c.objc; path = ChimeraUITests.m; sourceTree = "<group>"; };
		A9B54EA11BE0A08C00600761 /* Info.plist */ = {isa = PBXFileReference; lastKnownFileType = text.plist.xml; path = Info.plist; sourceTree = "<group>"; };
		A9BDE97F1BE3515900791657 /* CCWebViewDelegate.h */ = {isa = PBXFileReference; fileEncoding = 4; lastKnownFileType = sourcecode.c.h; path = CCWebViewDelegate.h; sourceTree = "<group>"; };
		EBC759C41BE0A8EE002D5684 /* CCWebView.h */ = {isa = PBXFileReference; fileEncoding = 4; lastKnownFileType = sourcecode.c.h; path = CCWebView.h; sourceTree = "<group>"; };
		EBC759C51BE0A8EE002D5684 /* CCWebView.m */ = {isa = PBXFileReference; fileEncoding = 4; lastKnownFileType = sourcecode.c.objc; path = CCWebView.m; sourceTree = "<group>"; };
		EBC759C71BE0B059002D5684 /* CCWebViewProvider.h */ = {isa = PBXFileReference; fileEncoding = 4; lastKnownFileType = sourcecode.c.h; path = CCWebViewProvider.h; sourceTree = "<group>"; };
		EBC759CA1BE0B356002D5684 /* UIWebView+CCUIWebView.h */ = {isa = PBXFileReference; lastKnownFileType = sourcecode.c.h; path = "UIWebView+CCUIWebView.h"; sourceTree = "<group>"; };
		EBC759CB1BE0B3CE002D5684 /* UIWebView+CCUIWebView.m */ = {isa = PBXFileReference; fileEncoding = 4; lastKnownFileType = sourcecode.c.objc; path = "UIWebView+CCUIWebView.m"; sourceTree = "<group>"; };
		EBC759CD1BE0BA32002D5684 /* WKWebView+CCWKWebView.h */ = {isa = PBXFileReference; lastKnownFileType = sourcecode.c.h; path = "WKWebView+CCWKWebView.h"; sourceTree = "<group>"; };
		EBC759CE1BE0BB44002D5684 /* WKWebView+CCWKWebView.m */ = {isa = PBXFileReference; fileEncoding = 4; lastKnownFileType = sourcecode.c.objc; path = "WKWebView+CCWKWebView.m"; sourceTree = "<group>"; };
/* End PBXFileReference section */

/* Begin PBXFrameworksBuildPhase section */
		A9B54E741BE0A08B00600761 /* Frameworks */ = {
			isa = PBXFrameworksBuildPhase;
			buildActionMask = 2147483647;
			files = (
			);
			runOnlyForDeploymentPostprocessing = 0;
		};
		A9B54E8D1BE0A08B00600761 /* Frameworks */ = {
			isa = PBXFrameworksBuildPhase;
			buildActionMask = 2147483647;
			files = (
			);
			runOnlyForDeploymentPostprocessing = 0;
		};
		A9B54E981BE0A08B00600761 /* Frameworks */ = {
			isa = PBXFrameworksBuildPhase;
			buildActionMask = 2147483647;
			files = (
			);
			runOnlyForDeploymentPostprocessing = 0;
		};
/* End PBXFrameworksBuildPhase section */

/* Begin PBXGroup section */
		A9B54E6E1BE0A08B00600761 = {
			isa = PBXGroup;
			children = (
				A9B54E791BE0A08B00600761 /* Chimera */,
				A9B54E931BE0A08B00600761 /* ChimeraTests */,
				A9B54E9E1BE0A08C00600761 /* ChimeraUITests */,
				A9B54E781BE0A08B00600761 /* Products */,
			);
			sourceTree = "<group>";
		};
		A9B54E781BE0A08B00600761 /* Products */ = {
			isa = PBXGroup;
			children = (
				A9B54E771BE0A08B00600761 /* Chimera.app */,
				A9B54E901BE0A08B00600761 /* ChimeraTests.xctest */,
				A9B54E9B1BE0A08B00600761 /* ChimeraUITests.xctest */,
			);
			name = Products;
			sourceTree = "<group>";
		};
		A9B54E791BE0A08B00600761 /* Chimera */ = {
			isa = PBXGroup;
			children = (
				A9B54E7D1BE0A08B00600761 /* AppDelegate.h */,
				A9B54E7E1BE0A08B00600761 /* AppDelegate.m */,
				A9B54E801BE0A08B00600761 /* ViewController.h */,
				A9B54E811BE0A08B00600761 /* ViewController.m */,
				A9B54E831BE0A08B00600761 /* Main.storyboard */,
				A9B54E861BE0A08B00600761 /* Assets.xcassets */,
				A9B54E881BE0A08B00600761 /* LaunchScreen.storyboard */,
				A9B54E8B1BE0A08B00600761 /* Info.plist */,
				EBC759C41BE0A8EE002D5684 /* CCWebView.h */,
				EBC759C51BE0A8EE002D5684 /* CCWebView.m */,
				EBC759C71BE0B059002D5684 /* CCWebViewProvider.h */,
				A9BDE97F1BE3515900791657 /* CCWebViewDelegate.h */,
				A9B54E7A1BE0A08B00600761 /* Supporting Files */,
				EBC759CA1BE0B356002D5684 /* UIWebView+CCUIWebView.h */,
				EBC759CB1BE0B3CE002D5684 /* UIWebView+CCUIWebView.m */,
				EBC759CD1BE0BA32002D5684 /* WKWebView+CCWKWebView.h */,
				EBC759CE1BE0BB44002D5684 /* WKWebView+CCWKWebView.m */,
			);
			path = Chimera;
			sourceTree = "<group>";
		};
		A9B54E7A1BE0A08B00600761 /* Supporting Files */ = {
			isa = PBXGroup;
			children = (
				A9B54E7B1BE0A08B00600761 /* main.m */,
			);
			name = "Supporting Files";
			sourceTree = "<group>";
		};
		A9B54E931BE0A08B00600761 /* ChimeraTests */ = {
			isa = PBXGroup;
			children = (
				A9B54E941BE0A08B00600761 /* ChimeraTests.m */,
				A9B54E961BE0A08B00600761 /* Info.plist */,
			);
			path = ChimeraTests;
			sourceTree = "<group>";
		};
		A9B54E9E1BE0A08C00600761 /* ChimeraUITests */ = {
			isa = PBXGroup;
			children = (
				A9B54E9F1BE0A08C00600761 /* ChimeraUITests.m */,
				A9B54EA11BE0A08C00600761 /* Info.plist */,
			);
			path = ChimeraUITests;
			sourceTree = "<group>";
		};
/* End PBXGroup section */

/* Begin PBXNativeTarget section */
		A9B54E761BE0A08B00600761 /* Chimera */ = {
			isa = PBXNativeTarget;
			buildConfigurationList = A9B54EA41BE0A08C00600761 /* Build configuration list for PBXNativeTarget "Chimera" */;
			buildPhases = (
				A9B54E731BE0A08B00600761 /* Sources */,
				A9B54E741BE0A08B00600761 /* Frameworks */,
				A9B54E751BE0A08B00600761 /* Resources */,
			);
			buildRules = (
			);
			dependencies = (
			);
			name = Chimera;
			productName = Chimera;
			productReference = A9B54E771BE0A08B00600761 /* Chimera.app */;
			productType = "com.apple.product-type.application";
		};
		A9B54E8F1BE0A08B00600761 /* ChimeraTests */ = {
			isa = PBXNativeTarget;
			buildConfigurationList = A9B54EA71BE0A08C00600761 /* Build configuration list for PBXNativeTarget "ChimeraTests" */;
			buildPhases = (
				A9B54E8C1BE0A08B00600761 /* Sources */,
				A9B54E8D1BE0A08B00600761 /* Frameworks */,
				A9B54E8E1BE0A08B00600761 /* Resources */,
			);
			buildRules = (
			);
			dependencies = (
				A9B54E921BE0A08B00600761 /* PBXTargetDependency */,
			);
			name = ChimeraTests;
			productName = ChimeraTests;
			productReference = A9B54E901BE0A08B00600761 /* ChimeraTests.xctest */;
			productType = "com.apple.product-type.bundle.unit-test";
		};
		A9B54E9A1BE0A08B00600761 /* ChimeraUITests */ = {
			isa = PBXNativeTarget;
			buildConfigurationList = A9B54EAA1BE0A08C00600761 /* Build configuration list for PBXNativeTarget "ChimeraUITests" */;
			buildPhases = (
				A9B54E971BE0A08B00600761 /* Sources */,
				A9B54E981BE0A08B00600761 /* Frameworks */,
				A9B54E991BE0A08B00600761 /* Resources */,
			);
			buildRules = (
			);
			dependencies = (
				A9B54E9D1BE0A08C00600761 /* PBXTargetDependency */,
			);
			name = ChimeraUITests;
			productName = ChimeraUITests;
			productReference = A9B54E9B1BE0A08B00600761 /* ChimeraUITests.xctest */;
			productType = "com.apple.product-type.bundle.ui-testing";
		};
/* End PBXNativeTarget section */

/* Begin PBXProject section */
		A9B54E6F1BE0A08B00600761 /* Project object */ = {
			isa = PBXProject;
			attributes = {
				LastUpgradeCheck = 0710;
				ORGANIZATIONNAME = raven;
				TargetAttributes = {
					A9B54E761BE0A08B00600761 = {
						CreatedOnToolsVersion = 7.1;
					};
					A9B54E8F1BE0A08B00600761 = {
						CreatedOnToolsVersion = 7.1;
						TestTargetID = A9B54E761BE0A08B00600761;
					};
					A9B54E9A1BE0A08B00600761 = {
						CreatedOnToolsVersion = 7.1;
						TestTargetID = A9B54E761BE0A08B00600761;
					};
				};
			};
			buildConfigurationList = A9B54E721BE0A08B00600761 /* Build configuration list for PBXProject "Chimera" */;
			compatibilityVersion = "Xcode 3.2";
			developmentRegion = English;
			hasScannedForEncodings = 0;
			knownRegions = (
				en,
				Base,
			);
			mainGroup = A9B54E6E1BE0A08B00600761;
			productRefGroup = A9B54E781BE0A08B00600761 /* Products */;
			projectDirPath = "";
			projectRoot = "";
			targets = (
				A9B54E761BE0A08B00600761 /* Chimera */,
				A9B54E8F1BE0A08B00600761 /* ChimeraTests */,
				A9B54E9A1BE0A08B00600761 /* ChimeraUITests */,
			);
		};
/* End PBXProject section */

/* Begin PBXResourcesBuildPhase section */
		A9B54E751BE0A08B00600761 /* Resources */ = {
			isa = PBXResourcesBuildPhase;
			buildActionMask = 2147483647;
			files = (
				A9B54E8A1BE0A08B00600761 /* LaunchScreen.storyboard in Resources */,
				A9B54E871BE0A08B00600761 /* Assets.xcassets in Resources */,
				A9B54E851BE0A08B00600761 /* Main.storyboard in Resources */,
			);
			runOnlyForDeploymentPostprocessing = 0;
		};
		A9B54E8E1BE0A08B00600761 /* Resources */ = {
			isa = PBXResourcesBuildPhase;
			buildActionMask = 2147483647;
			files = (
			);
			runOnlyForDeploymentPostprocessing = 0;
		};
		A9B54E991BE0A08B00600761 /* Resources */ = {
			isa = PBXResourcesBuildPhase;
			buildActionMask = 2147483647;
			files = (
			);
			runOnlyForDeploymentPostprocessing = 0;
		};
/* End PBXResourcesBuildPhase section */

/* Begin PBXSourcesBuildPhase section */
		A9B54E731BE0A08B00600761 /* Sources */ = {
			isa = PBXSourcesBuildPhase;
			buildActionMask = 2147483647;
			files = (
				A9B54E821BE0A08B00600761 /* ViewController.m in Sources */,
				EBC759C61BE0A8EE002D5684 /* CCWebView.m in Sources */,
				A9B54E7F1BE0A08B00600761 /* AppDelegate.m in Sources */,
				EBC759CC1BE0B3CE002D5684 /* UIWebView+CCUIWebView.m in Sources */,
				A9B54E7C1BE0A08B00600761 /* main.m in Sources */,
				EBC759CF1BE0BB44002D5684 /* WKWebView+CCWKWebView.m in Sources */,
			);
			runOnlyForDeploymentPostprocessing = 0;
		};
		A9B54E8C1BE0A08B00600761 /* Sources */ = {
			isa = PBXSourcesBuildPhase;
			buildActionMask = 2147483647;
			files = (
				A9B54E951BE0A08B00600761 /* ChimeraTests.m in Sources */,
			);
			runOnlyForDeploymentPostprocessing = 0;
		};
		A9B54E971BE0A08B00600761 /* Sources */ = {
			isa = PBXSourcesBuildPhase;
			buildActionMask = 2147483647;
			files = (
				A9B54EA01BE0A08C00600761 /* ChimeraUITests.m in Sources */,
			);
			runOnlyForDeploymentPostprocessing = 0;
		};
/* End PBXSourcesBuildPhase section */

/* Begin PBXTargetDependency section */
		A9B54E921BE0A08B00600761 /* PBXTargetDependency */ = {
			isa = PBXTargetDependency;
			target = A9B54E761BE0A08B00600761 /* Chimera */;
			targetProxy = A9B54E911BE0A08B00600761 /* PBXContainerItemProxy */;
		};
		A9B54E9D1BE0A08C00600761 /* PBXTargetDependency */ = {
			isa = PBXTargetDependency;
			target = A9B54E761BE0A08B00600761 /* Chimera */;
			targetProxy = A9B54E9C1BE0A08C00600761 /* PBXContainerItemProxy */;
		};
/* End PBXTargetDependency section */

/* Begin PBXVariantGroup section */
		A9B54E831BE0A08B00600761 /* Main.storyboard */ = {
			isa = PBXVariantGroup;
			children = (
				A9B54E841BE0A08B00600761 /* Base */,
			);
			name = Main.storyboard;
			sourceTree = "<group>";
		};
		A9B54E881BE0A08B00600761 /* LaunchScreen.storyboard */ = {
			isa = PBXVariantGroup;
			children = (
				A9B54E891BE0A08B00600761 /* Base */,
			);
			name = LaunchScreen.storyboard;
			sourceTree = "<group>";
		};
/* End PBXVariantGroup section */

/* Begin XCBuildConfiguration section */
		A9B54EA21BE0A08C00600761 /* Debug */ = {
			isa = XCBuildConfiguration;
			buildSettings = {
				ALWAYS_SEARCH_USER_PATHS = NO;
				CLANG_CXX_LANGUAGE_STANDARD = "gnu++0x";
				CLANG_CXX_LIBRARY = "libc++";
				CLANG_ENABLE_MODULES = YES;
				CLANG_ENABLE_OBJC_ARC = YES;
				CLANG_WARN_BOOL_CONVERSION = YES;
				CLANG_WARN_CONSTANT_CONVERSION = YES;
				CLANG_WARN_DIRECT_OBJC_ISA_USAGE = YES_ERROR;
				CLANG_WARN_EMPTY_BODY = YES;
				CLANG_WARN_ENUM_CONVERSION = YES;
				CLANG_WARN_INT_CONVERSION = YES;
				CLANG_WARN_OBJC_ROOT_CLASS = YES_ERROR;
				CLANG_WARN_UNREACHABLE_CODE = YES;
				CLANG_WARN__DUPLICATE_METHOD_MATCH = YES;
				"CODE_SIGN_IDENTITY[sdk=iphoneos*]" = "iPhone Developer";
				COPY_PHASE_STRIP = NO;
				DEBUG_INFORMATION_FORMAT = dwarf;
				ENABLE_STRICT_OBJC_MSGSEND = YES;
				ENABLE_TESTABILITY = YES;
				GCC_C_LANGUAGE_STANDARD = gnu99;
				GCC_DYNAMIC_NO_PIC = NO;
				GCC_NO_COMMON_BLOCKS = YES;
				GCC_OPTIMIZATION_LEVEL = 0;
				GCC_PREPROCESSOR_DEFINITIONS = (
					"DEBUG=1",
					"$(inherited)",
				);
				GCC_WARN_64_TO_32_BIT_CONVERSION = YES;
				GCC_WARN_ABOUT_RETURN_TYPE = YES_ERROR;
				GCC_WARN_UNDECLARED_SELECTOR = YES;
				GCC_WARN_UNINITIALIZED_AUTOS = YES_AGGRESSIVE;
				GCC_WARN_UNUSED_FUNCTION = YES;
				GCC_WARN_UNUSED_VARIABLE = YES;
				IPHONEOS_DEPLOYMENT_TARGET = 9.1;
				MTL_ENABLE_DEBUG_INFO = YES;
				ONLY_ACTIVE_ARCH = YES;
				SDKROOT = iphoneos;
			};
			name = Debug;
		};
		A9B54EA31BE0A08C00600761 /* Release */ = {
			isa = XCBuildConfiguration;
			buildSettings = {
				ALWAYS_SEARCH_USER_PATHS = NO;
				CLANG_CXX_LANGUAGE_STANDARD = "gnu++0x";
				CLANG_CXX_LIBRARY = "libc++";
				CLANG_ENABLE_MODULES = YES;
				CLANG_ENABLE_OBJC_ARC = YES;
				CLANG_WARN_BOOL_CONVERSION = YES;
				CLANG_WARN_CONSTANT_CONVERSION = YES;
				CLANG_WARN_DIRECT_OBJC_ISA_USAGE = YES_ERROR;
				CLANG_WARN_EMPTY_BODY = YES;
				CLANG_WARN_ENUM_CONVERSION = YES;
				CLANG_WARN_INT_CONVERSION = YES;
				CLANG_WARN_OBJC_ROOT_CLASS = YES_ERROR;
				CLANG_WARN_UNREACHABLE_CODE = YES;
				CLANG_WARN__DUPLICATE_METHOD_MATCH = YES;
				"CODE_SIGN_IDENTITY[sdk=iphoneos*]" = "iPhone Developer";
				COPY_PHASE_STRIP = NO;
				DEBUG_INFORMATION_FORMAT = "dwarf-with-dsym";
				ENABLE_NS_ASSERTIONS = NO;
				ENABLE_STRICT_OBJC_MSGSEND = YES;
				GCC_C_LANGUAGE_STANDARD = gnu99;
				GCC_NO_COMMON_BLOCKS = YES;
				GCC_WARN_64_TO_32_BIT_CONVERSION = YES;
				GCC_WARN_ABOUT_RETURN_TYPE = YES_ERROR;
				GCC_WARN_UNDECLARED_SELECTOR = YES;
				GCC_WARN_UNINITIALIZED_AUTOS = YES_AGGRESSIVE;
				GCC_WARN_UNUSED_FUNCTION = YES;
				GCC_WARN_UNUSED_VARIABLE = YES;
				IPHONEOS_DEPLOYMENT_TARGET = 9.1;
				MTL_ENABLE_DEBUG_INFO = NO;
				SDKROOT = iphoneos;
				VALIDATE_PRODUCT = YES;
			};
			name = Release;
		};
		A9B54EA51BE0A08C00600761 /* Debug */ = {
			isa = XCBuildConfiguration;
			buildSettings = {
				ASSETCATALOG_COMPILER_APPICON_NAME = AppIcon;
				INFOPLIST_FILE = Chimera/Info.plist;
				LD_RUNPATH_SEARCH_PATHS = "$(inherited) @executable_path/Frameworks";
				PRODUCT_BUNDLE_IDENTIFIER = raven.Chimera;
				PRODUCT_NAME = "$(TARGET_NAME)";
			};
			name = Debug;
		};
		A9B54EA61BE0A08C00600761 /* Release */ = {
			isa = XCBuildConfiguration;
			buildSettings = {
				ASSETCATALOG_COMPILER_APPICON_NAME = AppIcon;
				INFOPLIST_FILE = Chimera/Info.plist;
				LD_RUNPATH_SEARCH_PATHS = "$(inherited) @executable_path/Frameworks";
				PRODUCT_BUNDLE_IDENTIFIER = raven.Chimera;
				PRODUCT_NAME = "$(TARGET_NAME)";
			};
			name = Release;
		};
		A9B54EA81BE0A08C00600761 /* Debug */ = {
			isa = XCBuildConfiguration;
			buildSettings = {
				BUNDLE_LOADER = "$(TEST_HOST)";
				INFOPLIST_FILE = ChimeraTests/Info.plist;
				LD_RUNPATH_SEARCH_PATHS = "$(inherited) @executable_path/Frameworks @loader_path/Frameworks";
				PRODUCT_BUNDLE_IDENTIFIER = raven.ChimeraTests;
				PRODUCT_NAME = "$(TARGET_NAME)";
				TEST_HOST = "$(BUILT_PRODUCTS_DIR)/Chimera.app/Chimera";
			};
			name = Debug;
		};
		A9B54EA91BE0A08C00600761 /* Release */ = {
			isa = XCBuildConfiguration;
			buildSettings = {
				BUNDLE_LOADER = "$(TEST_HOST)";
				INFOPLIST_FILE = ChimeraTests/Info.plist;
				LD_RUNPATH_SEARCH_PATHS = "$(inherited) @executable_path/Frameworks @loader_path/Frameworks";
				PRODUCT_BUNDLE_IDENTIFIER = raven.ChimeraTests;
				PRODUCT_NAME = "$(TARGET_NAME)";
				TEST_HOST = "$(BUILT_PRODUCTS_DIR)/Chimera.app/Chimera";
			};
			name = Release;
		};
		A9B54EAB1BE0A08C00600761 /* Debug */ = {
			isa = XCBuildConfiguration;
			buildSettings = {
				INFOPLIST_FILE = ChimeraUITests/Info.plist;
				LD_RUNPATH_SEARCH_PATHS = "$(inherited) @executable_path/Frameworks @loader_path/Frameworks";
				PRODUCT_BUNDLE_IDENTIFIER = raven.ChimeraUITests;
				PRODUCT_NAME = "$(TARGET_NAME)";
				TEST_TARGET_NAME = Chimera;
				USES_XCTRUNNER = YES;
			};
			name = Debug;
		};
		A9B54EAC1BE0A08C00600761 /* Release */ = {
			isa = XCBuildConfiguration;
			buildSettings = {
				INFOPLIST_FILE = ChimeraUITests/Info.plist;
				LD_RUNPATH_SEARCH_PATHS = "$(inherited) @executable_path/Frameworks @loader_path/Frameworks";
				PRODUCT_BUNDLE_IDENTIFIER = raven.ChimeraUITests;
				PRODUCT_NAME = "$(TARGET_NAME)";
				TEST_TARGET_NAME = Chimera;
				USES_XCTRUNNER = YES;
			};
			name = Release;
		};
/* End XCBuildConfiguration section */

/* Begin XCConfigurationList section */
		A9B54E721BE0A08B00600761 /* Build configuration list for PBXProject "Chimera" */ = {
			isa = XCConfigurationList;
			buildConfigurations = (
				A9B54EA21BE0A08C00600761 /* Debug */,
				A9B54EA31BE0A08C00600761 /* Release */,
			);
			defaultConfigurationIsVisible = 0;
			defaultConfigurationName = Release;
		};
		A9B54EA41BE0A08C00600761 /* Build configuration list for PBXNativeTarget "Chimera" */ = {
			isa = XCConfigurationList;
			buildConfigurations = (
				A9B54EA51BE0A08C00600761 /* Debug */,
				A9B54EA61BE0A08C00600761 /* Release */,
			);
			defaultConfigurationIsVisible = 0;
			defaultConfigurationName = Release;
		};
		A9B54EA71BE0A08C00600761 /* Build configuration list for PBXNativeTarget "ChimeraTests" */ = {
			isa = XCConfigurationList;
			buildConfigurations = (
				A9B54EA81BE0A08C00600761 /* Debug */,
				A9B54EA91BE0A08C00600761 /* Release */,
			);
			defaultConfigurationIsVisible = 0;
			defaultConfigurationName = Release;
		};
		A9B54EAA1BE0A08C00600761 /* Build configuration list for PBXNativeTarget "ChimeraUITests" */ = {
			isa = XCConfigurationList;
			buildConfigurations = (
				A9B54EAB1BE0A08C00600761 /* Debug */,
				A9B54EAC1BE0A08C00600761 /* Release */,
			);
			defaultConfigurationIsVisible = 0;
			defaultConfigurationName = Release;
		};
/* End XCConfigurationList section */
	};
	rootObject = A9B54E6F1BE0A08B00600761 /* Project object */;
}
